
Microsoft Visual Studio Solution File, Format Version 12.00
# Visual Studio Version 16
Project("{2150E333-8FDC-42A3-9474-1A3956D46DE8}") = "CMakePredefinedTargets", "CMakePredefinedTargets", "{26E4F6DB-481A-3BF5-8218-7FD213058D1D}"
EndProject
Project("{2150E333-8FDC-42A3-9474-1A3956D46DE8}") = "GLFW3", "GLFW3", "{2846434E-2239-3686-B247-FF2A3273C3B7}"
EndProject
Project("{2150E333-8FDC-42A3-9474-1A3956D46DE8}") = "Examples", "GLFW3\Examples", "{BAD455FE-D414-34A7-9128-729EDA15C68F}"
EndProject
Project("{2150E333-8FDC-42A3-9474-1A3956D46DE8}") = "Tests", "GLFW3\Tests", "{F146D814-C9A7-3029-A55E-5D94C3D372B4}"
EndProject
Project("{8BC9CEB8-8B4A-11D0-8D11-00A0C91BC942}") = "ALL_BUILD", "ALL_BUILD.vcxproj", "{2436EDC9-4D42-3760-8941-19847E78316B}"
	ProjectSection(ProjectDependencies) = postProject
		{0072BDF5-DA82-3790-9E5E-660AFE83CF7E} = {0072BDF5-DA82-3790-9E5E-660AFE83CF7E}
		{FDC944AF-6701-3EAA-BE83-6551D29A561C} = {FDC944AF-6701-3EAA-BE83-6551D29A561C}
		{2BA06CBC-29D0-397F-BBCE-F304001A0335} = {2BA06CBC-29D0-397F-BBCE-F304001A0335}
		{0A293237-0713-390E-977F-EDBB851B3676} = {0A293237-0713-390E-977F-EDBB851B3676}
		{718E38C2-0687-39A5-B171-CD78DF63B017} = {718E38C2-0687-39A5-B171-CD78DF63B017}
		{36C7F481-4510-3865-8C5A-5087E12CF3D0} = {36C7F481-4510-3865-8C5A-5087E12CF3D0}
		{2A74ECCD-6E2A-34CC-8F27-566C4A63A94A} = {2A74ECCD-6E2A-34CC-8F27-566C4A63A94A}
		{D4C771C5-7C30-3C3D-B926-AA30EACCA41B} = {D4C771C5-7C30-3C3D-B926-AA30EACCA41B}
		{C7422F73-C690-367F-8C58-80544D0F7D48} = {C7422F73-C690-367F-8C58-80544D0F7D48}
		{416F7818-A823-3760-A078-E8A2B1672C31} = {416F7818-A823-3760-A078-E8A2B1672C31}
		{91118775-DDE6-3A85-AE02-18251EF2FC3C} = {91118775-DDE6-3A85-AE02-18251EF2FC3C}
		{AAFB87C8-0D18-36B1-8FD9-864B19F35809} = {AAFB87C8-0D18-36B1-8FD9-864B19F35809}
		{E10BDE24-D12F-35A2-A2D0-475341F3868C} = {E10BDE24-D12F-35A2-A2D0-475341F3868C}
		{300A50E0-64DE-311F-BCFC-57CD704AFFF9} = {300A50E0-64DE-311F-BCFC-57CD704AFFF9}
		{369CE3C7-322A-3B5B-B3A3-5C881D4DA4C4} = {369CE3C7-322A-3B5B-B3A3-5C881D4DA4C4}
		{6182020F-0A21-39F9-BCE1-B9BA61494AC0} = {6182020F-0A21-39F9-BCE1-B9BA61494AC0}
		{F1B0E38D-359F-3667-8D9C-ACFC034BBFE5} = {F1B0E38D-359F-3667-8D9C-ACFC034BBFE5}
		{B3CDF7CC-1187-3F76-8439-9DC3470C4C45} = {B3CDF7CC-1187-3F76-8439-9DC3470C4C45}
		{B5C92C65-CF7B-3070-B86B-7ADFE6D97C16} = {B5C92C65-CF7B-3070-B86B-7ADFE6D97C16}
		{161F2C77-15D8-363C-A5D3-A798A3C64FF6} = {161F2C77-15D8-363C-A5D3-A798A3C64FF6}
		{239D70B0-3E17-30BC-9876-55FB77953DFF} = {239D70B0-3E17-30BC-9876-55FB77953DFF}
		{E60DEBDD-236B-3B94-8F81-5E617A077FBC} = {E60DEBDD-236B-3B94-8F81-5E617A077FBC}
		{0CD6123E-36D4-346D-B79D-2CF7F3338685} = {0CD6123E-36D4-346D-B79D-2CF7F3338685}
		{0CA4D4F1-D957-3F48-AD46-7B3D615F2722} = {0CA4D4F1-D957-3F48-AD46-7B3D615F2722}
		{6D45E859-3542-3091-BBA8-D5B7792886C1} = {6D45E859-3542-3091-BBA8-D5B7792886C1}
		{71540E91-94AD-38F0-97EB-6504B71715B1} = {71540E91-94AD-38F0-97EB-6504B71715B1}
		{6601526F-B6A5-3406-96B0-29D9995C1EE0} = {6601526F-B6A5-3406-96B0-29D9995C1EE0}
		{3EEA9936-2152-3F12-A304-84273965BC66} = {3EEA9936-2152-3F12-A304-84273965BC66}
		{A3EBFE21-FF5F-3927-A62A-A43DB26D3E1C} = {A3EBFE21-FF5F-3927-A62A-A43DB26D3E1C}
		{84DAD708-CA1B-353B-BD5E-05C5FB96F3A8} = {84DAD708-CA1B-353B-BD5E-05C5FB96F3A8}
		{3FEA6B8D-87AF-3DBD-80DC-3141EECFED2F} = {3FEA6B8D-87AF-3DBD-80DC-3141EECFED2F}
	EndProjectSection
EndProject
Project("{8BC9CEB8-8B4A-11D0-8D11-00A0C91BC942}") = "INSTALL", "INSTALL.vcxproj", "{922094FB-3EA3-3ADC-B40F-9FFCDADF4CAB}"
	ProjectSection(ProjectDependencies) = postProject
		{2436EDC9-4D42-3760-8941-19847E78316B} = {2436EDC9-4D42-3760-8941-19847E78316B}
		{0072BDF5-DA82-3790-9E5E-660AFE83CF7E} = {0072BDF5-DA82-3790-9E5E-660AFE83CF7E}
	EndProjectSection
EndProject
Project("{8BC9CEB8-8B4A-11D0-8D11-00A0C91BC942}") = "ZERO_CHECK", "ZERO_CHECK.vcxproj", "{0072BDF5-DA82-3790-9E5E-660AFE83CF7E}"
	ProjectSection(ProjectDependencies) = postProject
	EndProjectSection
EndProject
Project("{8BC9CEB8-8B4A-11D0-8D11-00A0C91BC942}") = "boing", "examples\boing.vcxproj", "{FDC944AF-6701-3EAA-BE83-6551D29A561C}"
	ProjectSection(ProjectDependencies) = postProject
		{0072BDF5-DA82-3790-9E5E-660AFE83CF7E} = {0072BDF5-DA82-3790-9E5E-660AFE83CF7E}
		{C7422F73-C690-367F-8C58-80544D0F7D48} = {C7422F73-C690-367F-8C58-80544D0F7D48}
	EndProjectSection
EndProject
Project("{8BC9CEB8-8B4A-11D0-8D11-00A0C91BC942}") = "clipboard", "tests\clipboard.vcxproj", "{2BA06CBC-29D0-397F-BBCE-F304001A0335}"
	ProjectSection(ProjectDependencies) = postProject
		{0072BDF5-DA82-3790-9E5E-660AFE83CF7E} = {0072BDF5-DA82-3790-9E5E-660AFE83CF7E}
		{C7422F73-C690-367F-8C58-80544D0F7D48} = {C7422F73-C690-367F-8C58-80544D0F7D48}
	EndProjectSection
EndProject
Project("{8BC9CEB8-8B4A-11D0-8D11-00A0C91BC942}") = "cursor", "tests\cursor.vcxproj", "{0A293237-0713-390E-977F-EDBB851B3676}"
	ProjectSection(ProjectDependencies) = postProject
		{0072BDF5-DA82-3790-9E5E-660AFE83CF7E} = {0072BDF5-DA82-3790-9E5E-660AFE83CF7E}
		{C7422F73-C690-367F-8C58-80544D0F7D48} = {C7422F73-C690-367F-8C58-80544D0F7D48}
	EndProjectSection
EndProject
Project("{8BC9CEB8-8B4A-11D0-8D11-00A0C91BC942}") = "empty", "tests\empty.vcxproj", "{718E38C2-0687-39A5-B171-CD78DF63B017}"
	ProjectSection(ProjectDependencies) = postProject
		{0072BDF5-DA82-3790-9E5E-660AFE83CF7E} = {0072BDF5-DA82-3790-9E5E-660AFE83CF7E}
		{C7422F73-C690-367F-8C58-80544D0F7D48} = {C7422F73-C690-367F-8C58-80544D0F7D48}
	EndProjectSection
EndProject
Project("{8BC9CEB8-8B4A-11D0-8D11-00A0C91BC942}") = "events", "tests\events.vcxproj", "{36C7F481-4510-3865-8C5A-5087E12CF3D0}"
	ProjectSection(ProjectDependencies) = postProject
		{0072BDF5-DA82-3790-9E5E-660AFE83CF7E} = {0072BDF5-DA82-3790-9E5E-660AFE83CF7E}
		{C7422F73-C690-367F-8C58-80544D0F7D48} = {C7422F73-C690-367F-8C58-80544D0F7D48}
	EndProjectSection
EndProject
Project("{8BC9CEB8-8B4A-11D0-8D11-00A0C91BC942}") = "gamma", "tests\gamma.vcxproj", "{2A74ECCD-6E2A-34CC-8F27-566C4A63A94A}"
	ProjectSection(ProjectDependencies) = postProject
		{0072BDF5-DA82-3790-9E5E-660AFE83CF7E} = {0072BDF5-DA82-3790-9E5E-660AFE83CF7E}
		{C7422F73-C690-367F-8C58-80544D0F7D48} = {C7422F73-C690-367F-8C58-80544D0F7D48}
	EndProjectSection
EndProject
Project("{8BC9CEB8-8B4A-11D0-8D11-00A0C91BC942}") = "gears", "examples\gears.vcxproj", "{D4C771C5-7C30-3C3D-B926-AA30EACCA41B}"
	ProjectSection(ProjectDependencies) = postProject
		{0072BDF5-DA82-3790-9E5E-660AFE83CF7E} = {0072BDF5-DA82-3790-9E5E-660AFE83CF7E}
		{C7422F73-C690-367F-8C58-80544D0F7D48} = {C7422F73-C690-367F-8C58-80544D0F7D48}
	EndProjectSection
EndProject
Project("{8BC9CEB8-8B4A-11D0-8D11-00A0C91BC942}") = "glfw", "src\glfw.vcxproj", "{C7422F73-C690-367F-8C58-80544D0F7D48}"
	ProjectSection(ProjectDependencies) = postProject
		{0072BDF5-DA82-3790-9E5E-660AFE83CF7E} = {0072BDF5-DA82-3790-9E5E-660AFE83CF7E}
	EndProjectSection
EndProject
Project("{8BC9CEB8-8B4A-11D0-8D11-00A0C91BC942}") = "glfwinfo", "tests\glfwinfo.vcxproj", "{416F7818-A823-3760-A078-E8A2B1672C31}"
	ProjectSection(ProjectDependencies) = postProject
		{0072BDF5-DA82-3790-9E5E-660AFE83CF7E} = {0072BDF5-DA82-3790-9E5E-660AFE83CF7E}
		{C7422F73-C690-367F-8C58-80544D0F7D48} = {C7422F73-C690-367F-8C58-80544D0F7D48}
	EndProjectSection
EndProject
Project("{8BC9CEB8-8B4A-11D0-8D11-00A0C91BC942}") = "heightmap", "examples\heightmap.vcxproj", "{91118775-DDE6-3A85-AE02-18251EF2FC3C}"
	ProjectSection(ProjectDependencies) = postProject
		{0072BDF5-DA82-3790-9E5E-660AFE83CF7E} = {0072BDF5-DA82-3790-9E5E-660AFE83CF7E}
		{C7422F73-C690-367F-8C58-80544D0F7D48} = {C7422F73-C690-367F-8C58-80544D0F7D48}
	EndProjectSection
EndProject
Project("{8BC9CEB8-8B4A-11D0-8D11-00A0C91BC942}") = "icon", "tests\icon.vcxproj", "{AAFB87C8-0D18-36B1-8FD9-864B19F35809}"
	ProjectSection(ProjectDependencies) = postProject
		{0072BDF5-DA82-3790-9E5E-660AFE83CF7E} = {0072BDF5-DA82-3790-9E5E-660AFE83CF7E}
		{C7422F73-C690-367F-8C58-80544D0F7D48} = {C7422F73-C690-367F-8C58-80544D0F7D48}
	EndProjectSection
EndProject
Project("{8BC9CEB8-8B4A-11D0-8D11-00A0C91BC942}") = "iconify", "tests\iconify.vcxproj", "{E10BDE24-D12F-35A2-A2D0-475341F3868C}"
	ProjectSection(ProjectDependencies) = postProject
		{0072BDF5-DA82-3790-9E5E-660AFE83CF7E} = {0072BDF5-DA82-3790-9E5E-660AFE83CF7E}
		{C7422F73-C690-367F-8C58-80544D0F7D48} = {C7422F73-C690-367F-8C58-80544D0F7D48}
	EndProjectSection
EndProject
Project("{8BC9CEB8-8B4A-11D0-8D11-00A0C91BC942}") = "inputlag", "tests\inputlag.vcxproj", "{300A50E0-64DE-311F-BCFC-57CD704AFFF9}"
	ProjectSection(ProjectDependencies) = postProject
		{0072BDF5-DA82-3790-9E5E-660AFE83CF7E} = {0072BDF5-DA82-3790-9E5E-660AFE83CF7E}
		{C7422F73-C690-367F-8C58-80544D0F7D48} = {C7422F73-C690-367F-8C58-80544D0F7D48}
	EndProjectSection
EndProject
Project("{8BC9CEB8-8B4A-11D0-8D11-00A0C91BC942}") = "joysticks", "tests\joysticks.vcxproj", "{369CE3C7-322A-3B5B-B3A3-5C881D4DA4C4}"
	ProjectSection(ProjectDependencies) = postProject
		{0072BDF5-DA82-3790-9E5E-660AFE83CF7E} = {0072BDF5-DA82-3790-9E5E-660AFE83CF7E}
		{C7422F73-C690-367F-8C58-80544D0F7D48} = {C7422F73-C690-367F-8C58-80544D0F7D48}
	EndProjectSection
EndProject
Project("{8BC9CEB8-8B4A-11D0-8D11-00A0C91BC942}") = "monitors", "tests\monitors.vcxproj", "{6182020F-0A21-39F9-BCE1-B9BA61494AC0}"
	ProjectSection(ProjectDependencies) = postProject
		{0072BDF5-DA82-3790-9E5E-660AFE83CF7E} = {0072BDF5-DA82-3790-9E5E-660AFE83CF7E}
		{C7422F73-C690-367F-8C58-80544D0F7D48} = {C7422F73-C690-367F-8C58-80544D0F7D48}
	EndProjectSection
EndProject
Project("{8BC9CEB8-8B4A-11D0-8D11-00A0C91BC942}") = "msaa", "tests\msaa.vcxproj", "{F1B0E38D-359F-3667-8D9C-ACFC034BBFE5}"
	ProjectSection(ProjectDependencies) = postProject
		{0072BDF5-DA82-3790-9E5E-660AFE83CF7E} = {0072BDF5-DA82-3790-9E5E-660AFE83CF7E}
		{C7422F73-C690-367F-8C58-80544D0F7D48} = {C7422F73-C690-367F-8C58-80544D0F7D48}
	EndProjectSection
EndProject
Project("{8BC9CEB8-8B4A-11D0-8D11-00A0C91BC942}") = "offscreen", "examples\offscreen.vcxproj", "{B3CDF7CC-1187-3F76-8439-9DC3470C4C45}"
	ProjectSection(ProjectDependencies) = postProject
		{0072BDF5-DA82-3790-9E5E-660AFE83CF7E} = {0072BDF5-DA82-3790-9E5E-660AFE83CF7E}
		{C7422F73-C690-367F-8C58-80544D0F7D48} = {C7422F73-C690-367F-8C58-80544D0F7D48}
	EndProjectSection
EndProject
Project("{8BC9CEB8-8B4A-11D0-8D11-00A0C91BC942}") = "opacity", "tests\opacity.vcxproj", "{B5C92C65-CF7B-3070-B86B-7ADFE6D97C16}"
	ProjectSection(ProjectDependencies) = postProject
		{0072BDF5-DA82-3790-9E5E-660AFE83CF7E} = {0072BDF5-DA82-3790-9E5E-660AFE83CF7E}
		{C7422F73-C690-367F-8C58-80544D0F7D48} = {C7422F73-C690-367F-8C58-80544D0F7D48}
	EndProjectSection
EndProject
Project("{8BC9CEB8-8B4A-11D0-8D11-00A0C91BC942}") = "particles", "examples\particles.vcxproj", "{161F2C77-15D8-363C-A5D3-A798A3C64FF6}"
	ProjectSection(ProjectDependencies) = postProject
		{0072BDF5-DA82-3790-9E5E-660AFE83CF7E} = {0072BDF5-DA82-3790-9E5E-660AFE83CF7E}
		{C7422F73-C690-367F-8C58-80544D0F7D48} = {C7422F73-C690-367F-8C58-80544D0F7D48}
	EndProjectSection
EndProject
Project("{8BC9CEB8-8B4A-11D0-8D11-00A0C91BC942}") = "reopen", "tests\reopen.vcxproj", "{239D70B0-3E17-30BC-9876-55FB77953DFF}"
	ProjectSection(ProjectDependencies) = postProject
		{0072BDF5-DA82-3790-9E5E-660AFE83CF7E} = {0072BDF5-DA82-3790-9E5E-660AFE83CF7E}
		{C7422F73-C690-367F-8C58-80544D0F7D48} = {C7422F73-C690-367F-8C58-80544D0F7D48}
	EndProjectSection
EndProject
Project("{8BC9CEB8-8B4A-11D0-8D11-00A0C91BC942}") = "sharing", "examples\sharing.vcxproj", "{E60DEBDD-236B-3B94-8F81-5E617A077FBC}"
	ProjectSection(ProjectDependencies) = postProject
		{0072BDF5-DA82-3790-9E5E-660AFE83CF7E} = {0072BDF5-DA82-3790-9E5E-660AFE83CF7E}
		{C7422F73-C690-367F-8C58-80544D0F7D48} = {C7422F73-C690-367F-8C58-80544D0F7D48}
	EndProjectSection
EndProject
Project("{8BC9CEB8-8B4A-11D0-8D11-00A0C91BC942}") = "simple", "examples\simple.vcxproj", "{0CD6123E-36D4-346D-B79D-2CF7F3338685}"
	ProjectSection(ProjectDependencies) = postProject
		{0072BDF5-DA82-3790-9E5E-660AFE83CF7E} = {0072BDF5-DA82-3790-9E5E-660AFE83CF7E}
		{C7422F73-C690-367F-8C58-80544D0F7D48} = {C7422F73-C690-367F-8C58-80544D0F7D48}
	EndProjectSection
EndProject
Project("{8BC9CEB8-8B4A-11D0-8D11-00A0C91BC942}") = "splitview", "examples\splitview.vcxproj", "{0CA4D4F1-D957-3F48-AD46-7B3D615F2722}"
	ProjectSection(ProjectDependencies) = postProject
		{0072BDF5-DA82-3790-9E5E-660AFE83CF7E} = {0072BDF5-DA82-3790-9E5E-660AFE83CF7E}
		{C7422F73-C690-367F-8C58-80544D0F7D48} = {C7422F73-C690-367F-8C58-80544D0F7D48}
	EndProjectSection
EndProject
Project("{8BC9CEB8-8B4A-11D0-8D11-00A0C91BC942}") = "tearing", "tests\tearing.vcxproj", "{6D45E859-3542-3091-BBA8-D5B7792886C1}"
	ProjectSection(ProjectDependencies) = postProject
		{0072BDF5-DA82-3790-9E5E-660AFE83CF7E} = {0072BDF5-DA82-3790-9E5E-660AFE83CF7E}
		{C7422F73-C690-367F-8C58-80544D0F7D48} = {C7422F73-C690-367F-8C58-80544D0F7D48}
	EndProjectSection
EndProject
Project("{8BC9CEB8-8B4A-11D0-8D11-00A0C91BC942}") = "threads", "tests\threads.vcxproj", "{71540E91-94AD-38F0-97EB-6504B71715B1}"
	ProjectSection(ProjectDependencies) = postProject
		{0072BDF5-DA82-3790-9E5E-660AFE83CF7E} = {0072BDF5-DA82-3790-9E5E-660AFE83CF7E}
		{C7422F73-C690-367F-8C58-80544D0F7D48} = {C7422F73-C690-367F-8C58-80544D0F7D48}
	EndProjectSection
EndProject
Project("{8BC9CEB8-8B4A-11D0-8D11-00A0C91BC942}") = "timeout", "tests\timeout.vcxproj", "{6601526F-B6A5-3406-96B0-29D9995C1EE0}"
	ProjectSection(ProjectDependencies) = postProject
		{0072BDF5-DA82-3790-9E5E-660AFE83CF7E} = {0072BDF5-DA82-3790-9E5E-660AFE83CF7E}
		{C7422F73-C690-367F-8C58-80544D0F7D48} = {C7422F73-C690-367F-8C58-80544D0F7D48}
	EndProjectSection
EndProject
Project("{8BC9CEB8-8B4A-11D0-8D11-00A0C91BC942}") = "title", "tests\title.vcxproj", "{3EEA9936-2152-3F12-A304-84273965BC66}"
	ProjectSection(ProjectDependencies) = postProject
		{0072BDF5-DA82-3790-9E5E-660AFE83CF7E} = {0072BDF5-DA82-3790-9E5E-660AFE83CF7E}
		{C7422F73-C690-367F-8C58-80544D0F7D48} = {C7422F73-C690-367F-8C58-80544D0F7D48}
	EndProjectSection
EndProject
Project("{8BC9CEB8-8B4A-11D0-8D11-00A0C91BC942}") = "triangle-vulkan", "tests\triangle-vulkan.vcxproj", "{A3EBFE21-FF5F-3927-A62A-A43DB26D3E1C}"
	ProjectSection(ProjectDependencies) = postProject
		{0072BDF5-DA82-3790-9E5E-660AFE83CF7E} = {0072BDF5-DA82-3790-9E5E-660AFE83CF7E}
		{C7422F73-C690-367F-8C58-80544D0F7D48} = {C7422F73-C690-367F-8C58-80544D0F7D48}
	EndProjectSection
EndProject
Project("{8BC9CEB8-8B4A-11D0-8D11-00A0C91BC942}") = "uninstall", "uninstall.vcxproj", "{DEAA727C-AB9D-31B2-9CCA-7D80A97B33ED}"
	ProjectSection(ProjectDependencies) = postProject
		{0072BDF5-DA82-3790-9E5E-660AFE83CF7E} = {0072BDF5-DA82-3790-9E5E-660AFE83CF7E}
	EndProjectSection
EndProject
Project("{8BC9CEB8-8B4A-11D0-8D11-00A0C91BC942}") = "wave", "examples\wave.vcxproj", "{84DAD708-CA1B-353B-BD5E-05C5FB96F3A8}"
	ProjectSection(ProjectDependencies) = postProject
		{0072BDF5-DA82-3790-9E5E-660AFE83CF7E} = {0072BDF5-DA82-3790-9E5E-660AFE83CF7E}
		{C7422F73-C690-367F-8C58-80544D0F7D48} = {C7422F73-C690-367F-8C58-80544D0F7D48}
	EndProjectSection
EndProject
Project("{8BC9CEB8-8B4A-11D0-8D11-00A0C91BC942}") = "windows", "tests\windows.vcxproj", "{3FEA6B8D-87AF-3DBD-80DC-3141EECFED2F}"
	ProjectSection(ProjectDependencies) = postProject
		{0072BDF5-DA82-3790-9E5E-660AFE83CF7E} = {0072BDF5-DA82-3790-9E5E-660AFE83CF7E}
		{C7422F73-C690-367F-8C58-80544D0F7D48} = {C7422F73-C690-367F-8C58-80544D0F7D48}
	EndProjectSection
EndProject
Global
	GlobalSection(SolutionConfigurationPlatforms) = preSolution
		Debug|x64 = Debug|x64
		Release|x64 = Release|x64
		MinSizeRel|x64 = MinSizeRel|x64
		RelWithDebInfo|x64 = RelWithDebInfo|x64
	EndGlobalSection
	GlobalSection(ProjectConfigurationPlatforms) = postSolution
		{2436EDC9-4D42-3760-8941-19847E78316B}.Debug|x64.ActiveCfg = Debug|x64
		{2436EDC9-4D42-3760-8941-19847E78316B}.Debug|x64.Build.0 = Debug|x64
		{2436EDC9-4D42-3760-8941-19847E78316B}.Release|x64.ActiveCfg = Release|x64
		{2436EDC9-4D42-3760-8941-19847E78316B}.Release|x64.Build.0 = Release|x64
		{2436EDC9-4D42-3760-8941-19847E78316B}.MinSizeRel|x64.ActiveCfg = MinSizeRel|x64
		{2436EDC9-4D42-3760-8941-19847E78316B}.MinSizeRel|x64.Build.0 = MinSizeRel|x64
		{2436EDC9-4D42-3760-8941-19847E78316B}.RelWithDebInfo|x64.ActiveCfg = RelWithDebInfo|x64
		{2436EDC9-4D42-3760-8941-19847E78316B}.RelWithDebInfo|x64.Build.0 = RelWithDebInfo|x64
		{922094FB-3EA3-3ADC-B40F-9FFCDADF4CAB}.Debug|x64.ActiveCfg = Debug|x64
		{922094FB-3EA3-3ADC-B40F-9FFCDADF4CAB}.Release|x64.ActiveCfg = Release|x64
		{922094FB-3EA3-3ADC-B40F-9FFCDADF4CAB}.MinSizeRel|x64.ActiveCfg = MinSizeRel|x64
		{922094FB-3EA3-3ADC-B40F-9FFCDADF4CAB}.RelWithDebInfo|x64.ActiveCfg = RelWithDebInfo|x64
		{0072BDF5-DA82-3790-9E5E-660AFE83CF7E}.Debug|x64.ActiveCfg = Debug|x64
		{0072BDF5-DA82-3790-9E5E-660AFE83CF7E}.Debug|x64.Build.0 = Debug|x64
		{0072BDF5-DA82-3790-9E5E-660AFE83CF7E}.Release|x64.ActiveCfg = Release|x64
		{0072BDF5-DA82-3790-9E5E-660AFE83CF7E}.Release|x64.Build.0 = Release|x64
		{0072BDF5-DA82-3790-9E5E-660AFE83CF7E}.MinSizeRel|x64.ActiveCfg = MinSizeRel|x64
		{0072BDF5-DA82-3790-9E5E-660AFE83CF7E}.MinSizeRel|x64.Build.0 = MinSizeRel|x64
		{0072BDF5-DA82-3790-9E5E-660AFE83CF7E}.RelWithDebInfo|x64.ActiveCfg = RelWithDebInfo|x64
		{0072BDF5-DA82-3790-9E5E-660AFE83CF7E}.RelWithDebInfo|x64.Build.0 = RelWithDebInfo|x64
		{FDC944AF-6701-3EAA-BE83-6551D29A561C}.Debug|x64.ActiveCfg = Debug|x64
		{FDC944AF-6701-3EAA-BE83-6551D29A561C}.Debug|x64.Build.0 = Debug|x64
		{FDC944AF-6701-3EAA-BE83-6551D29A561C}.Release|x64.ActiveCfg = Release|x64
		{FDC944AF-6701-3EAA-BE83-6551D29A561C}.Release|x64.Build.0 = Release|x64
		{FDC944AF-6701-3EAA-BE83-6551D29A561C}.MinSizeRel|x64.ActiveCfg = MinSizeRel|x64
		{FDC944AF-6701-3EAA-BE83-6551D29A561C}.MinSizeRel|x64.Build.0 = MinSizeRel|x64
		{FDC944AF-6701-3EAA-BE83-6551D29A561C}.RelWithDebInfo|x64.ActiveCfg = RelWithDebInfo|x64
		{FDC944AF-6701-3EAA-BE83-6551D29A561C}.RelWithDebInfo|x64.Build.0 = RelWithDebInfo|x64
		{2BA06CBC-29D0-397F-BBCE-F304001A0335}.Debug|x64.ActiveCfg = Debug|x64
		{2BA06CBC-29D0-397F-BBCE-F304001A0335}.Debug|x64.Build.0 = Debug|x64
		{2BA06CBC-29D0-397F-BBCE-F304001A0335}.Release|x64.ActiveCfg = Release|x64
		{2BA06CBC-29D0-397F-BBCE-F304001A0335}.Release|x64.Build.0 = Release|x64
		{2BA06CBC-29D0-397F-BBCE-F304001A0335}.MinSizeRel|x64.ActiveCfg = MinSizeRel|x64
		{2BA06CBC-29D0-397F-BBCE-F304001A0335}.MinSizeRel|x64.Build.0 = MinSizeRel|x64
		{2BA06CBC-29D0-397F-BBCE-F304001A0335}.RelWithDebInfo|x64.ActiveCfg = RelWithDebInfo|x64
		{2BA06CBC-29D0-397F-BBCE-F304001A0335}.RelWithDebInfo|x64.Build.0 = RelWithDebInfo|x64
		{0A293237-0713-390E-977F-EDBB851B3676}.Debug|x64.ActiveCfg = Debug|x64
		{0A293237-0713-390E-977F-EDBB851B3676}.Debug|x64.Build.0 = Debug|x64
		{0A293237-0713-390E-977F-EDBB851B3676}.Release|x64.ActiveCfg = Release|x64
		{0A293237-0713-390E-977F-EDBB851B3676}.Release|x64.Build.0 = Release|x64
		{0A293237-0713-390E-977F-EDBB851B3676}.MinSizeRel|x64.ActiveCfg = MinSizeRel|x64
		{0A293237-0713-390E-977F-EDBB851B3676}.MinSizeRel|x64.Build.0 = MinSizeRel|x64
		{0A293237-0713-390E-977F-EDBB851B3676}.RelWithDebInfo|x64.ActiveCfg = RelWithDebInfo|x64
		{0A293237-0713-390E-977F-EDBB851B3676}.RelWithDebInfo|x64.Build.0 = RelWithDebInfo|x64
		{718E38C2-0687-39A5-B171-CD78DF63B017}.Debug|x64.ActiveCfg = Debug|x64
		{718E38C2-0687-39A5-B171-CD78DF63B017}.Debug|x64.Build.0 = Debug|x64
		{718E38C2-0687-39A5-B171-CD78DF63B017}.Release|x64.ActiveCfg = Release|x64
		{718E38C2-0687-39A5-B171-CD78DF63B017}.Release|x64.Build.0 = Release|x64
		{718E38C2-0687-39A5-B171-CD78DF63B017}.MinSizeRel|x64.ActiveCfg = MinSizeRel|x64
		{718E38C2-0687-39A5-B171-CD78DF63B017}.MinSizeRel|x64.Build.0 = MinSizeRel|x64
		{718E38C2-0687-39A5-B171-CD78DF63B017}.RelWithDebInfo|x64.ActiveCfg = RelWithDebInfo|x64
		{718E38C2-0687-39A5-B171-CD78DF63B017}.RelWithDebInfo|x64.Build.0 = RelWithDebInfo|x64
		{36C7F481-4510-3865-8C5A-5087E12CF3D0}.Debug|x64.ActiveCfg = Debug|x64
		{36C7F481-4510-3865-8C5A-5087E12CF3D0}.Debug|x64.Build.0 = Debug|x64
		{36C7F481-4510-3865-8C5A-5087E12CF3D0}.Release|x64.ActiveCfg = Release|x64
		{36C7F481-4510-3865-8C5A-5087E12CF3D0}.Release|x64.Build.0 = Release|x64
		{36C7F481-4510-3865-8C5A-5087E12CF3D0}.MinSizeRel|x64.ActiveCfg = MinSizeRel|x64
		{36C7F481-4510-3865-8C5A-5087E12CF3D0}.MinSizeRel|x64.Build.0 = MinSizeRel|x64
		{36C7F481-4510-3865-8C5A-5087E12CF3D0}.RelWithDebInfo|x64.ActiveCfg = RelWithDebInfo|x64
		{36C7F481-4510-3865-8C5A-5087E12CF3D0}.RelWithDebInfo|x64.Build.0 = RelWithDebInfo|x64
		{2A74ECCD-6E2A-34CC-8F27-566C4A63A94A}.Debug|x64.ActiveCfg = Debug|x64
		{2A74ECCD-6E2A-34CC-8F27-566C4A63A94A}.Debug|x64.Build.0 = Debug|x64
		{2A74ECCD-6E2A-34CC-8F27-566C4A63A94A}.Release|x64.ActiveCfg = Release|x64
		{2A74ECCD-6E2A-34CC-8F27-566C4A63A94A}.Release|x64.Build.0 = Release|x64
		{2A74ECCD-6E2A-34CC-8F27-566C4A63A94A}.MinSizeRel|x64.ActiveCfg = MinSizeRel|x64
		{2A74ECCD-6E2A-34CC-8F27-566C4A63A94A}.MinSizeRel|x64.Build.0 = MinSizeRel|x64
		{2A74ECCD-6E2A-34CC-8F27-566C4A63A94A}.RelWithDebInfo|x64.ActiveCfg = RelWithDebInfo|x64
		{2A74ECCD-6E2A-34CC-8F27-566C4A63A94A}.RelWithDebInfo|x64.Build.0 = RelWithDebInfo|x64
		{D4C771C5-7C30-3C3D-B926-AA30EACCA41B}.Debug|x64.ActiveCfg = Debug|x64
		{D4C771C5-7C30-3C3D-B926-AA30EACCA41B}.Debug|x64.Build.0 = Debug|x64
		{D4C771C5-7C30-3C3D-B926-AA30EACCA41B}.Release|x64.ActiveCfg = Release|x64
		{D4C771C5-7C30-3C3D-B926-AA30EACCA41B}.Release|x64.Build.0 = Release|x64
		{D4C771C5-7C30-3C3D-B926-AA30EACCA41B}.MinSizeRel|x64.ActiveCfg = MinSizeRel|x64
		{D4C771C5-7C30-3C3D-B926-AA30EACCA41B}.MinSizeRel|x64.Build.0 = MinSizeRel|x64
		{D4C771C5-7C30-3C3D-B926-AA30EACCA41B}.RelWithDebInfo|x64.ActiveCfg = RelWithDebInfo|x64
		{D4C771C5-7C30-3C3D-B926-AA30EACCA41B}.RelWithDebInfo|x64.Build.0 = RelWithDebInfo|x64
		{C7422F73-C690-367F-8C58-80544D0F7D48}.Debug|x64.ActiveCfg = Debug|x64
		{C7422F73-C690-367F-8C58-80544D0F7D48}.Debug|x64.Build.0 = Debug|x64
		{C7422F73-C690-367F-8C58-80544D0F7D48}.Release|x64.ActiveCfg = Release|x64
		{C7422F73-C690-367F-8C58-80544D0F7D48}.Release|x64.Build.0 = Release|x64
		{C7422F73-C690-367F-8C58-80544D0F7D48}.MinSizeRel|x64.ActiveCfg = MinSizeRel|x64
		{C7422F73-C690-367F-8C58-80544D0F7D48}.MinSizeRel|x64.Build.0 = MinSizeRel|x64
		{C7422F73-C690-367F-8C58-80544D0F7D48}.RelWithDebInfo|x64.ActiveCfg = RelWithDebInfo|x64
		{C7422F73-C690-367F-8C58-80544D0F7D48}.RelWithDebInfo|x64.Build.0 = RelWithDebInfo|x64
		{416F7818-A823-3760-A078-E8A2B1672C31}.Debug|x64.ActiveCfg = Debug|x64
		{416F7818-A823-3760-A078-E8A2B1672C31}.Debug|x64.Build.0 = Debug|x64
		{416F7818-A823-3760-A078-E8A2B1672C31}.Release|x64.ActiveCfg = Release|x64
		{416F7818-A823-3760-A078-E8A2B1672C31}.Release|x64.Build.0 = Release|x64
		{416F7818-A823-3760-A078-E8A2B1672C31}.MinSizeRel|x64.ActiveCfg = MinSizeRel|x64
		{416F7818-A823-3760-A078-E8A2B1672C31}.MinSizeRel|x64.Build.0 = MinSizeRel|x64
		{416F7818-A823-3760-A078-E8A2B1672C31}.RelWithDebInfo|x64.ActiveCfg = RelWithDebInfo|x64
		{416F7818-A823-3760-A078-E8A2B1672C31}.RelWithDebInfo|x64.Build.0 = RelWithDebInfo|x64
		{91118775-DDE6-3A85-AE02-18251EF2FC3C}.Debug|x64.ActiveCfg = Debug|x64
		{91118775-DDE6-3A85-AE02-18251EF2FC3C}.Debug|x64.Build.0 = Debug|x64
		{91118775-DDE6-3A85-AE02-18251EF2FC3C}.Release|x64.ActiveCfg = Release|x64
		{91118775-DDE6-3A85-AE02-18251EF2FC3C}.Release|x64.Build.0 = Release|x64
		{91118775-DDE6-3A85-AE02-18251EF2FC3C}.MinSizeRel|x64.ActiveCfg = MinSizeRel|x64
		{91118775-DDE6-3A85-AE02-18251EF2FC3C}.MinSizeRel|x64.Build.0 = MinSizeRel|x64
		{91118775-DDE6-3A85-AE02-18251EF2FC3C}.RelWithDebInfo|x64.ActiveCfg = RelWithDebInfo|x64
		{91118775-DDE6-3A85-AE02-18251EF2FC3C}.RelWithDebInfo|x64.Build.0 = RelWithDebInfo|x64
		{AAFB87C8-0D18-36B1-8FD9-864B19F35809}.Debug|x64.ActiveCfg = Debug|x64
		{AAFB87C8-0D18-36B1-8FD9-864B19F35809}.Debug|x64.Build.0 = Debug|x64
		{AAFB87C8-0D18-36B1-8FD9-864B19F35809}.Release|x64.ActiveCfg = Release|x64
		{AAFB87C8-0D18-36B1-8FD9-864B19F35809}.Release|x64.Build.0 = Release|x64
		{AAFB87C8-0D18-36B1-8FD9-864B19F35809}.MinSizeRel|x64.ActiveCfg = MinSizeRel|x64
		{AAFB87C8-0D18-36B1-8FD9-864B19F35809}.MinSizeRel|x64.Build.0 = MinSizeRel|x64
		{AAFB87C8-0D18-36B1-8FD9-864B19F35809}.RelWithDebInfo|x64.ActiveCfg = RelWithDebInfo|x64
		{AAFB87C8-0D18-36B1-8FD9-864B19F35809}.RelWithDebInfo|x64.Build.0 = RelWithDebInfo|x64
		{E10BDE24-D12F-35A2-A2D0-475341F3868C}.Debug|x64.ActiveCfg = Debug|x64
		{E10BDE24-D12F-35A2-A2D0-475341F3868C}.Debug|x64.Build.0 = Debug|x64
		{E10BDE24-D12F-35A2-A2D0-475341F3868C}.Release|x64.ActiveCfg = Release|x64
		{E10BDE24-D12F-35A2-A2D0-475341F3868C}.Release|x64.Build.0 = Release|x64
		{E10BDE24-D12F-35A2-A2D0-475341F3868C}.MinSizeRel|x64.ActiveCfg = MinSizeRel|x64
		{E10BDE24-D12F-35A2-A2D0-475341F3868C}.MinSizeRel|x64.Build.0 = MinSizeRel|x64
		{E10BDE24-D12F-35A2-A2D0-475341F3868C}.RelWithDebInfo|x64.ActiveCfg = RelWithDebInfo|x64
		{E10BDE24-D12F-35A2-A2D0-475341F3868C}.RelWithDebInfo|x64.Build.0 = RelWithDebInfo|x64
		{300A50E0-64DE-311F-BCFC-57CD704AFFF9}.Debug|x64.ActiveCfg = Debug|x64
		{300A50E0-64DE-311F-BCFC-57CD704AFFF9}.Debug|x64.Build.0 = Debug|x64
		{300A50E0-64DE-311F-BCFC-57CD704AFFF9}.Release|x64.ActiveCfg = Release|x64
		{300A50E0-64DE-311F-BCFC-57CD704AFFF9}.Release|x64.Build.0 = Release|x64
		{300A50E0-64DE-311F-BCFC-57CD704AFFF9}.MinSizeRel|x64.ActiveCfg = MinSizeRel|x64
		{300A50E0-64DE-311F-BCFC-57CD704AFFF9}.MinSizeRel|x64.Build.0 = MinSizeRel|x64
		{300A50E0-64DE-311F-BCFC-57CD704AFFF9}.RelWithDebInfo|x64.ActiveCfg = RelWithDebInfo|x64
		{300A50E0-64DE-311F-BCFC-57CD704AFFF9}.RelWithDebInfo|x64.Build.0 = RelWithDebInfo|x64
		{369CE3C7-322A-3B5B-B3A3-5C881D4DA4C4}.Debug|x64.ActiveCfg = Debug|x64
		{369CE3C7-322A-3B5B-B3A3-5C881D4DA4C4}.Debug|x64.Build.0 = Debug|x64
		{369CE3C7-322A-3B5B-B3A3-5C881D4DA4C4}.Release|x64.ActiveCfg = Release|x64
		{369CE3C7-322A-3B5B-B3A3-5C881D4DA4C4}.Release|x64.Build.0 = Release|x64
		{369CE3C7-322A-3B5B-B3A3-5C881D4DA4C4}.MinSizeRel|x64.ActiveCfg = MinSizeRel|x64
		{369CE3C7-322A-3B5B-B3A3-5C881D4DA4C4}.MinSizeRel|x64.Build.0 = MinSizeRel|x64
		{369CE3C7-322A-3B5B-B3A3-5C881D4DA4C4}.RelWithDebInfo|x64.ActiveCfg = RelWithDebInfo|x64
		{369CE3C7-322A-3B5B-B3A3-5C881D4DA4C4}.RelWithDebInfo|x64.Build.0 = RelWithDebInfo|x64
		{6182020F-0A21-39F9-BCE1-B9BA61494AC0}.Debug|x64.ActiveCfg = Debug|x64
		{6182020F-0A21-39F9-BCE1-B9BA61494AC0}.Debug|x64.Build.0 = Debug|x64
		{6182020F-0A21-39F9-BCE1-B9BA61494AC0}.Release|x64.ActiveCfg = Release|x64
		{6182020F-0A21-39F9-BCE1-B9BA61494AC0}.Release|x64.Build.0 = Release|x64
		{6182020F-0A21-39F9-BCE1-B9BA61494AC0}.MinSizeRel|x64.ActiveCfg = MinSizeRel|x64
		{6182020F-0A21-39F9-BCE1-B9BA61494AC0}.MinSizeRel|x64.Build.0 = MinSizeRel|x64
		{6182020F-0A21-39F9-BCE1-B9BA61494AC0}.RelWithDebInfo|x64.ActiveCfg = RelWithDebInfo|x64
		{6182020F-0A21-39F9-BCE1-B9BA61494AC0}.RelWithDebInfo|x64.Build.0 = RelWithDebInfo|x64
		{F1B0E38D-359F-3667-8D9C-ACFC034BBFE5}.Debug|x64.ActiveCfg = Debug|x64
		{F1B0E38D-359F-3667-8D9C-ACFC034BBFE5}.Debug|x64.Build.0 = Debug|x64
		{F1B0E38D-359F-3667-8D9C-ACFC034BBFE5}.Release|x64.ActiveCfg = Release|x64
		{F1B0E38D-359F-3667-8D9C-ACFC034BBFE5}.Release|x64.Build.0 = Release|x64
		{F1B0E38D-359F-3667-8D9C-ACFC034BBFE5}.MinSizeRel|x64.ActiveCfg = MinSizeRel|x64
		{F1B0E38D-359F-3667-8D9C-ACFC034BBFE5}.MinSizeRel|x64.Build.0 = MinSizeRel|x64
		{F1B0E38D-359F-3667-8D9C-ACFC034BBFE5}.RelWithDebInfo|x64.ActiveCfg = RelWithDebInfo|x64
		{F1B0E38D-359F-3667-8D9C-ACFC034BBFE5}.RelWithDebInfo|x64.Build.0 = RelWithDebInfo|x64
		{B3CDF7CC-1187-3F76-8439-9DC3470C4C45}.Debug|x64.ActiveCfg = Debug|x64
		{B3CDF7CC-1187-3F76-8439-9DC3470C4C45}.Debug|x64.Build.0 = Debug|x64
		{B3CDF7CC-1187-3F76-8439-9DC3470C4C45}.Release|x64.ActiveCfg = Release|x64
		{B3CDF7CC-1187-3F76-8439-9DC3470C4C45}.Release|x64.Build.0 = Release|x64
		{B3CDF7CC-1187-3F76-8439-9DC3470C4C45}.MinSizeRel|x64.ActiveCfg = MinSizeRel|x64
		{B3CDF7CC-1187-3F76-8439-9DC3470C4C45}.MinSizeRel|x64.Build.0 = MinSizeRel|x64
		{B3CDF7CC-1187-3F76-8439-9DC3470C4C45}.RelWithDebInfo|x64.ActiveCfg = RelWithDebInfo|x64
		{B3CDF7CC-1187-3F76-8439-9DC3470C4C45}.RelWithDebInfo|x64.Build.0 = RelWithDebInfo|x64
		{B5C92C65-CF7B-3070-B86B-7ADFE6D97C16}.Debug|x64.ActiveCfg = Debug|x64
		{B5C92C65-CF7B-3070-B86B-7ADFE6D97C16}.Debug|x64.Build.0 = Debug|x64
		{B5C92C65-CF7B-3070-B86B-7ADFE6D97C16}.Release|x64.ActiveCfg = Release|x64
		{B5C92C65-CF7B-3070-B86B-7ADFE6D97C16}.Release|x64.Build.0 = Release|x64
		{B5C92C65-CF7B-3070-B86B-7ADFE6D97C16}.MinSizeRel|x64.ActiveCfg = MinSizeRel|x64
		{B5C92C65-CF7B-3070-B86B-7ADFE6D97C16}.MinSizeRel|x64.Build.0 = MinSizeRel|x64
		{B5C92C65-CF7B-3070-B86B-7ADFE6D97C16}.RelWithDebInfo|x64.ActiveCfg = RelWithDebInfo|x64
		{B5C92C65-CF7B-3070-B86B-7ADFE6D97C16}.RelWithDebInfo|x64.Build.0 = RelWithDebInfo|x64
		{161F2C77-15D8-363C-A5D3-A798A3C64FF6}.Debug|x64.ActiveCfg = Debug|x64
		{161F2C77-15D8-363C-A5D3-A798A3C64FF6}.Debug|x64.Build.0 = Debug|x64
		{161F2C77-15D8-363C-A5D3-A798A3C64FF6}.Release|x64.ActiveCfg = Release|x64
		{161F2C77-15D8-363C-A5D3-A798A3C64FF6}.Release|x64.Build.0 = Release|x64
		{161F2C77-15D8-363C-A5D3-A798A3C64FF6}.MinSizeRel|x64.ActiveCfg = MinSizeRel|x64
		{161F2C77-15D8-363C-A5D3-A798A3C64FF6}.MinSizeRel|x64.Build.0 = MinSizeRel|x64
		{161F2C77-15D8-363C-A5D3-A798A3C64FF6}.RelWithDebInfo|x64.ActiveCfg = RelWithDebInfo|x64
		{161F2C77-15D8-363C-A5D3-A798A3C64FF6}.RelWithDebInfo|x64.Build.0 = RelWithDebInfo|x64
		{239D70B0-3E17-30BC-9876-55FB77953DFF}.Debug|x64.ActiveCfg = Debug|x64
		{239D70B0-3E17-30BC-9876-55FB77953DFF}.Debug|x64.Build.0 = Debug|x64
		{239D70B0-3E17-30BC-9876-55FB77953DFF}.Release|x64.ActiveCfg = Release|x64
		{239D70B0-3E17-30BC-9876-55FB77953DFF}.Release|x64.Build.0 = Release|x64
		{239D70B0-3E17-30BC-9876-55FB77953DFF}.MinSizeRel|x64.ActiveCfg = MinSizeRel|x64
		{239D70B0-3E17-30BC-9876-55FB77953DFF}.MinSizeRel|x64.Build.0 = MinSizeRel|x64
		{239D70B0-3E17-30BC-9876-55FB77953DFF}.RelWithDebInfo|x64.ActiveCfg = RelWithDebInfo|x64
		{239D70B0-3E17-30BC-9876-55FB77953DFF}.RelWithDebInfo|x64.Build.0 = RelWithDebInfo|x64
		{E60DEBDD-236B-3B94-8F81-5E617A077FBC}.Debug|x64.ActiveCfg = Debug|x64
		{E60DEBDD-236B-3B94-8F81-5E617A077FBC}.Debug|x64.Build.0 = Debug|x64
		{E60DEBDD-236B-3B94-8F81-5E617A077FBC}.Release|x64.ActiveCfg = Release|x64
		{E60DEBDD-236B-3B94-8F81-5E617A077FBC}.Release|x64.Build.0 = Release|x64
		{E60DEBDD-236B-3B94-8F81-5E617A077FBC}.MinSizeRel|x64.ActiveCfg = MinSizeRel|x64
		{E60DEBDD-236B-3B94-8F81-5E617A077FBC}.MinSizeRel|x64.Build.0 = MinSizeRel|x64
		{E60DEBDD-236B-3B94-8F81-5E617A077FBC}.RelWithDebInfo|x64.ActiveCfg = RelWithDebInfo|x64
		{E60DEBDD-236B-3B94-8F81-5E617A077FBC}.RelWithDebInfo|x64.Build.0 = RelWithDebInfo|x64
		{0CD6123E-36D4-346D-B79D-2CF7F3338685}.Debug|x64.ActiveCfg = Debug|x64
		{0CD6123E-36D4-346D-B79D-2CF7F3338685}.Debug|x64.Build.0 = Debug|x64
		{0CD6123E-36D4-346D-B79D-2CF7F3338685}.Release|x64.ActiveCfg = Release|x64
		{0CD6123E-36D4-346D-B79D-2CF7F3338685}.Release|x64.Build.0 = Release|x64
		{0CD6123E-36D4-346D-B79D-2CF7F3338685}.MinSizeRel|x64.ActiveCfg = MinSizeRel|x64
		{0CD6123E-36D4-346D-B79D-2CF7F3338685}.MinSizeRel|x64.Build.0 = MinSizeRel|x64
		{0CD6123E-36D4-346D-B79D-2CF7F3338685}.RelWithDebInfo|x64.ActiveCfg = RelWithDebInfo|x64
		{0CD6123E-36D4-346D-B79D-2CF7F3338685}.RelWithDebInfo|x64.Build.0 = RelWithDebInfo|x64
		{0CA4D4F1-D957-3F48-AD46-7B3D615F2722}.Debug|x64.ActiveCfg = Debug|x64
		{0CA4D4F1-D957-3F48-AD46-7B3D615F2722}.Debug|x64.Build.0 = Debug|x64
		{0CA4D4F1-D957-3F48-AD46-7B3D615F2722}.Release|x64.ActiveCfg = Release|x64
		{0CA4D4F1-D957-3F48-AD46-7B3D615F2722}.Release|x64.Build.0 = Release|x64
		{0CA4D4F1-D957-3F48-AD46-7B3D615F2722}.MinSizeRel|x64.ActiveCfg = MinSizeRel|x64
		{0CA4D4F1-D957-3F48-AD46-7B3D615F2722}.MinSizeRel|x64.Build.0 = MinSizeRel|x64
		{0CA4D4F1-D957-3F48-AD46-7B3D615F2722}.RelWithDebInfo|x64.ActiveCfg = RelWithDebInfo|x64
		{0CA4D4F1-D957-3F48-AD46-7B3D615F2722}.RelWithDebInfo|x64.Build.0 = RelWithDebInfo|x64
		{6D45E859-3542-3091-BBA8-D5B7792886C1}.Debug|x64.ActiveCfg = Debug|x64
		{6D45E859-3542-3091-BBA8-D5B7792886C1}.Debug|x64.Build.0 = Debug|x64
		{6D45E859-3542-3091-BBA8-D5B7792886C1}.Release|x64.ActiveCfg = Release|x64
		{6D45E859-3542-3091-BBA8-D5B7792886C1}.Release|x64.Build.0 = Release|x64
		{6D45E859-3542-3091-BBA8-D5B7792886C1}.MinSizeRel|x64.ActiveCfg = MinSizeRel|x64
		{6D45E859-3542-3091-BBA8-D5B7792886C1}.MinSizeRel|x64.Build.0 = MinSizeRel|x64
		{6D45E859-3542-3091-BBA8-D5B7792886C1}.RelWithDebInfo|x64.ActiveCfg = RelWithDebInfo|x64
		{6D45E859-3542-3091-BBA8-D5B7792886C1}.RelWithDebInfo|x64.Build.0 = RelWithDebInfo|x64
		{71540E91-94AD-38F0-97EB-6504B71715B1}.Debug|x64.ActiveCfg = Debug|x64
		{71540E91-94AD-38F0-97EB-6504B71715B1}.Debug|x64.Build.0 = Debug|x64
		{71540E91-94AD-38F0-97EB-6504B71715B1}.Release|x64.ActiveCfg = Release|x64
		{71540E91-94AD-38F0-97EB-6504B71715B1}.Release|x64.Build.0 = Release|x64
		{71540E91-94AD-38F0-97EB-6504B71715B1}.MinSizeRel|x64.ActiveCfg = MinSizeRel|x64
		{71540E91-94AD-38F0-97EB-6504B71715B1}.MinSizeRel|x64.Build.0 = MinSizeRel|x64
		{71540E91-94AD-38F0-97EB-6504B71715B1}.RelWithDebInfo|x64.ActiveCfg = RelWithDebInfo|x64
		{71540E91-94AD-38F0-97EB-6504B71715B1}.RelWithDebInfo|x64.Build.0 = RelWithDebInfo|x64
		{6601526F-B6A5-3406-96B0-29D9995C1EE0}.Debug|x64.ActiveCfg = Debug|x64
		{6601526F-B6A5-3406-96B0-29D9995C1EE0}.Debug|x64.Build.0 = Debug|x64
		{6601526F-B6A5-3406-96B0-29D9995C1EE0}.Release|x64.ActiveCfg = Release|x64
		{6601526F-B6A5-3406-96B0-29D9995C1EE0}.Release|x64.Build.0 = Release|x64
		{6601526F-B6A5-3406-96B0-29D9995C1EE0}.MinSizeRel|x64.ActiveCfg = MinSizeRel|x64
		{6601526F-B6A5-3406-96B0-29D9995C1EE0}.MinSizeRel|x64.Build.0 = MinSizeRel|x64
		{6601526F-B6A5-3406-96B0-29D9995C1EE0}.RelWithDebInfo|x64.ActiveCfg = RelWithDebInfo|x64
		{6601526F-B6A5-3406-96B0-29D9995C1EE0}.RelWithDebInfo|x64.Build.0 = RelWithDebInfo|x64
		{3EEA9936-2152-3F12-A304-84273965BC66}.Debug|x64.ActiveCfg = Debug|x64
		{3EEA9936-2152-3F12-A304-84273965BC66}.Debug|x64.Build.0 = Debug|x64
		{3EEA9936-2152-3F12-A304-84273965BC66}.Release|x64.ActiveCfg = Release|x64
		{3EEA9936-2152-3F12-A304-84273965BC66}.Release|x64.Build.0 = Release|x64
		{3EEA9936-2152-3F12-A304-84273965BC66}.MinSizeRel|x64.ActiveCfg = MinSizeRel|x64
		{3EEA9936-2152-3F12-A304-84273965BC66}.MinSizeRel|x64.Build.0 = MinSizeRel|x64
		{3EEA9936-2152-3F12-A304-84273965BC66}.RelWithDebInfo|x64.ActiveCfg = RelWithDebInfo|x64
		{3EEA9936-2152-3F12-A304-84273965BC66}.RelWithDebInfo|x64.Build.0 = RelWithDebInfo|x64
		{A3EBFE21-FF5F-3927-A62A-A43DB26D3E1C}.Debug|x64.ActiveCfg = Debug|x64
		{A3EBFE21-FF5F-3927-A62A-A43DB26D3E1C}.Debug|x64.Build.0 = Debug|x64
		{A3EBFE21-FF5F-3927-A62A-A43DB26D3E1C}.Release|x64.ActiveCfg = Release|x64
		{A3EBFE21-FF5F-3927-A62A-A43DB26D3E1C}.Release|x64.Build.0 = Release|x64
		{A3EBFE21-FF5F-3927-A62A-A43DB26D3E1C}.MinSizeRel|x64.ActiveCfg = MinSizeRel|x64
		{A3EBFE21-FF5F-3927-A62A-A43DB26D3E1C}.MinSizeRel|x64.Build.0 = MinSizeRel|x64
		{A3EBFE21-FF5F-3927-A62A-A43DB26D3E1C}.RelWithDebInfo|x64.ActiveCfg = RelWithDebInfo|x64
		{A3EBFE21-FF5F-3927-A62A-A43DB26D3E1C}.RelWithDebInfo|x64.Build.0 = RelWithDebInfo|x64
		{DEAA727C-AB9D-31B2-9CCA-7D80A97B33ED}.Debug|x64.ActiveCfg = Debug|x64
		{DEAA727C-AB9D-31B2-9CCA-7D80A97B33ED}.Release|x64.ActiveCfg = Release|x64
		{DEAA727C-AB9D-31B2-9CCA-7D80A97B33ED}.MinSizeRel|x64.ActiveCfg = MinSizeRel|x64
		{DEAA727C-AB9D-31B2-9CCA-7D80A97B33ED}.RelWithDebInfo|x64.ActiveCfg = RelWithDebInfo|x64
		{84DAD708-CA1B-353B-BD5E-05C5FB96F3A8}.Debug|x64.ActiveCfg = Debug|x64
		{84DAD708-CA1B-353B-BD5E-05C5FB96F3A8}.Debug|x64.Build.0 = Debug|x64
		{84DAD708-CA1B-353B-BD5E-05C5FB96F3A8}.Release|x64.ActiveCfg = Release|x64
		{84DAD708-CA1B-353B-BD5E-05C5FB96F3A8}.Release|x64.Build.0 = Release|x64
		{84DAD708-CA1B-353B-BD5E-05C5FB96F3A8}.MinSizeRel|x64.ActiveCfg = MinSizeRel|x64
		{84DAD708-CA1B-353B-BD5E-05C5FB96F3A8}.MinSizeRel|x64.Build.0 = MinSizeRel|x64
		{84DAD708-CA1B-353B-BD5E-05C5FB96F3A8}.RelWithDebInfo|x64.ActiveCfg = RelWithDebInfo|x64
		{84DAD708-CA1B-353B-BD5E-05C5FB96F3A8}.RelWithDebInfo|x64.Build.0 = RelWithDebInfo|x64
		{3FEA6B8D-87AF-3DBD-80DC-3141EECFED2F}.Debug|x64.ActiveCfg = Debug|x64
		{3FEA6B8D-87AF-3DBD-80DC-3141EECFED2F}.Debug|x64.Build.0 = Debug|x64
		{3FEA6B8D-87AF-3DBD-80DC-3141EECFED2F}.Release|x64.ActiveCfg = Release|x64
		{3FEA6B8D-87AF-3DBD-80DC-3141EECFED2F}.Release|x64.Build.0 = Release|x64
		{3FEA6B8D-87AF-3DBD-80DC-3141EECFED2F}.MinSizeRel|x64.ActiveCfg = MinSizeRel|x64
		{3FEA6B8D-87AF-3DBD-80DC-3141EECFED2F}.MinSizeRel|x64.Build.0 = MinSizeRel|x64
		{3FEA6B8D-87AF-3DBD-80DC-3141EECFED2F}.RelWithDebInfo|x64.ActiveCfg = RelWithDebInfo|x64
		{3FEA6B8D-87AF-3DBD-80DC-3141EECFED2F}.RelWithDebInfo|x64.Build.0 = RelWithDebInfo|x64
	EndGlobalSection
	GlobalSection(NestedProjects) = preSolution
		{2436EDC9-4D42-3760-8941-19847E78316B} = {26E4F6DB-481A-3BF5-8218-7FD213058D1D}
		{922094FB-3EA3-3ADC-B40F-9FFCDADF4CAB} = {26E4F6DB-481A-3BF5-8218-7FD213058D1D}
		{0072BDF5-DA82-3790-9E5E-660AFE83CF7E} = {26E4F6DB-481A-3BF5-8218-7FD213058D1D}
		{BAD455FE-D414-34A7-9128-729EDA15C68F} = {2846434E-2239-3686-B247-FF2A3273C3B7}
		{F146D814-C9A7-3029-A55E-5D94C3D372B4} = {2846434E-2239-3686-B247-FF2A3273C3B7}
		{C7422F73-C690-367F-8C58-80544D0F7D48} = {2846434E-2239-3686-B247-FF2A3273C3B7}
		{DEAA727C-AB9D-31B2-9CCA-7D80A97B33ED} = {2846434E-2239-3686-B247-FF2A3273C3B7}
		{FDC944AF-6701-3EAA-BE83-6551D29A561C} = {BAD455FE-D414-34A7-9128-729EDA15C68F}
		{D4C771C5-7C30-3C3D-B926-AA30EACCA41B} = {BAD455FE-D414-34A7-9128-729EDA15C68F}
		{91118775-DDE6-3A85-AE02-18251EF2FC3C} = {BAD455FE-D414-34A7-9128-729EDA15C68F}
		{B3CDF7CC-1187-3F76-8439-9DC3470C4C45} = {BAD455FE-D414-34A7-9128-729EDA15C68F}
		{161F2C77-15D8-363C-A5D3-A798A3C64FF6} = {BAD455FE-D414-34A7-9128-729EDA15C68F}
		{E60DEBDD-236B-3B94-8F81-5E617A077FBC} = {BAD455FE-D414-34A7-9128-729EDA15C68F}
		{0CD6123E-36D4-346D-B79D-2CF7F3338685} = {BAD455FE-D414-34A7-9128-729EDA15C68F}
		{0CA4D4F1-D957-3F48-AD46-7B3D615F2722} = {BAD455FE-D414-34A7-9128-729EDA15C68F}
		{84DAD708-CA1B-353B-BD5E-05C5FB96F3A8} = {BAD455FE-D414-34A7-9128-729EDA15C68F}
		{2BA06CBC-29D0-397F-BBCE-F304001A0335} = {F146D814-C9A7-3029-A55E-5D94C3D372B4}
		{0A293237-0713-390E-977F-EDBB851B3676} = {F146D814-C9A7-3029-A55E-5D94C3D372B4}
		{718E38C2-0687-39A5-B171-CD78DF63B017} = {F146D814-C9A7-3029-A55E-5D94C3D372B4}
		{36C7F481-4510-3865-8C5A-5087E12CF3D0} = {F146D814-C9A7-3029-A55E-5D94C3D372B4}
		{2A74ECCD-6E2A-34CC-8F27-566C4A63A94A} = {F146D814-C9A7-3029-A55E-5D94C3D372B4}
		{416F7818-A823-3760-A078-E8A2B1672C31} = {F146D814-C9A7-3029-A55E-5D94C3D372B4}
		{AAFB87C8-0D18-36B1-8FD9-864B19F35809} = {F146D814-C9A7-3029-A55E-5D94C3D372B4}
		{E10BDE24-D12F-35A2-A2D0-475341F3868C} = {F146D814-C9A7-3029-A55E-5D94C3D372B4}
		{300A50E0-64DE-311F-BCFC-57CD704AFFF9} = {F146D814-C9A7-3029-A55E-5D94C3D372B4}
		{369CE3C7-322A-3B5B-B3A3-5C881D4DA4C4} = {F146D814-C9A7-3029-A55E-5D94C3D372B4}
		{6182020F-0A21-39F9-BCE1-B9BA61494AC0} = {F146D814-C9A7-3029-A55E-5D94C3D372B4}
		{F1B0E38D-359F-3667-8D9C-ACFC034BBFE5} = {F146D814-C9A7-3029-A55E-5D94C3D372B4}
		{B5C92C65-CF7B-3070-B86B-7ADFE6D97C16} = {F146D814-C9A7-3029-A55E-5D94C3D372B4}
		{239D70B0-3E17-30BC-9876-55FB77953DFF} = {F146D814-C9A7-3029-A55E-5D94C3D372B4}
		{6D45E859-3542-3091-BBA8-D5B7792886C1} = {F146D814-C9A7-3029-A55E-5D94C3D372B4}
		{71540E91-94AD-38F0-97EB-6504B71715B1} = {F146D814-C9A7-3029-A55E-5D94C3D372B4}
		{6601526F-B6A5-3406-96B0-29D9995C1EE0} = {F146D814-C9A7-3029-A55E-5D94C3D372B4}
		{3EEA9936-2152-3F12-A304-84273965BC66} = {F146D814-C9A7-3029-A55E-5D94C3D372B4}
		{A3EBFE21-FF5F-3927-A62A-A43DB26D3E1C} = {F146D814-C9A7-3029-A55E-5D94C3D372B4}
		{3FEA6B8D-87AF-3DBD-80DC-3141EECFED2F} = {F146D814-C9A7-3029-A55E-5D94C3D372B4}
	EndGlobalSection
	GlobalSection(ExtensibilityGlobals) = postSolution
		SolutionGuid = {DC9AB142-3885-38E4-B122-5EA2A045D591}
	EndGlobalSection
	GlobalSection(ExtensibilityAddIns) = postSolution
	EndGlobalSection
EndGlobal
